{
  "name": "4.9",
  "lockfileVersion": 2,
  "requires": true,
  "packages": {
    "": {
      "dependencies": {
        "types-registry": "^0.1.628"
      }
    },
    "node_modules/types-registry": {
      "version": "0.1.628",
      "resolved": "https://registry.npmjs.org/types-registry/-/types-registry-0.1.628.tgz",
      "integrity": "sha512-NMWVupPmfQRnmeU8KVIePbYvn/1MEOoDeDzBC+uuKTG4z8b6F9ehOdUK5A8Uy00Ui8yrLr/YsDheKE5X/bSWpQ=="
    }
  },
  "dependencies": {
    "types-registry": {
      "version": "0.1.628",
      "resolved": "https://registry.npmjs.org/types-registry/-/types-registry-0.1.628.tgz",
      "integrity": "sha512-NMWVupPmfQRnmeU8KVIePbYvn/1MEOoDeDzBC+uuKTG4z8b6F9ehOdUK5A8Uy00Ui8yrLr/YsDheKE5X/bSWpQ=="
    }
  }
}
